PODS:
  - SaeKit (0.1.3):
    - SnapKit (~> 4.2.0)
  - SnapKit (4.2.0)

DEPENDENCIES:
  - SaeKit (from `../`)

SPEC REPOS:
  https://github.com/CocoaPods/Specs.git:
    - SnapKit

EXTERNAL SOURCES:
  SaeKit:
    :path: "../"

SPEC CHECKSUMS:
  SaeKit: 3300ecd29ff3596d90c7db4bfe8f1a906259b7e9
  SnapKit: fe8a619752f3f27075cc9a90244d75c6c3f27e2a

PODFILE CHECKSUM: 9262ee0b4ae67673e10f89b085aae6fd739673fc

COCOAPODS: 1.8.4
